// !$*UTF8*$!
{
	archiveVersion = 1;
	classes = {
	};
	objectVersion = 55;
	objects = {

/* Begin PBXBuildFile section */
		B5EA6D4D28FD9AF900B8A3BD /* AppDelegate.swift in Sources */ = {isa = PBXBuildFile; fileRef = B5EA6D4C28FD9AF900B8A3BD /* AppDelegate.swift */; };
		B5EA6D4F28FD9AF900B8A3BD /* SceneDelegate.swift in Sources */ = {isa = PBXBuildFile; fileRef = B5EA6D4E28FD9AF900B8A3BD /* SceneDelegate.swift */; };
		B5EA6D5128FD9AF900B8A3BD /* ViewController.swift in Sources */ = {isa = PBXBuildFile; fileRef = B5EA6D5028FD9AF900B8A3BD /* ViewController.swift */; };
		B5EA6D5428FD9AF900B8A3BD /* Main.storyboard in Resources */ = {isa = PBXBuildFile; fileRef = B5EA6D5228FD9AF900B8A3BD /* Main.storyboard */; };
		B5EA6D5628FD9AFA00B8A3BD /* Assets.xcassets in Resources */ = {isa = PBXBuildFile; fileRef = B5EA6D5528FD9AFA00B8A3BD /* Assets.xcassets */; };
		B5EA6D5928FD9AFA00B8A3BD /* LaunchScreen.storyboard in Resources */ = {isa = PBXBuildFile; fileRef = B5EA6D5728FD9AFA00B8A3BD /* LaunchScreen.storyboard */; };
		B5EA6D6128FD9B8500B8A3BD /* SecondViewController.swift in Sources */ = {isa = PBXBuildFile; fileRef = B5EA6D6028FD9B8500B8A3BD /* SecondViewController.swift */; };
		B5EA6D6328FD9B9A00B8A3BD /* ThirdViewController.swift in Sources */ = {isa = PBXBuildFile; fileRef = B5EA6D6228FD9B9A00B8A3BD /* ThirdViewController.swift */; };
		B5EA6D6728FE682100B8A3BD /* Car.swift in Sources */ = {isa = PBXBuildFile; fileRef = B5EA6D6628FE682100B8A3BD /* Car.swift */; };
		B5EA6D6928FE685800B8A3BD /* MycellTableViewCell.swift in Sources */ = {isa = PBXBuildFile; fileRef = B5EA6D6828FE685800B8A3BD /* MycellTableViewCell.swift */; };
/* End PBXBuildFile section */

/* Begin PBXFileReference section */
		B5EA6D4928FD9AF900B8A3BD /* aayu_custometableview(wdb).app */ = {isa = PBXFileReference; explicitFileType = wrapper.application; includeInIndex = 0; path = "aayu_custometableview(wdb).app"; sourceTree = BUILT_PRODUCTS_DIR; };
		B5EA6D4C28FD9AF900B8A3BD /* AppDelegate.swift */ = {isa = PBXFileReference; lastKnownFileType = sourcecode.swift; path = AppDelegate.swift; sourceTree = "<group>"; };
		B5EA6D4E28FD9AF900B8A3BD /* SceneDelegate.swift */ = {isa = PBXFileReference; lastKnownFileType = sourcecode.swift; path = SceneDelegate.swift; sourceTree = "<group>"; };
		B5EA6D5028FD9AF900B8A3BD /* ViewController.swift */ = {isa = PBXFileReference; lastKnownFileType = sourcecode.swift; path = ViewController.swift; sourceTree = "<group>"; };
		B5EA6D5328FD9AF900B8A3BD /* Base */ = {isa = PBXFileReference; lastKnownFileType = file.storyboard; name = Base; path = Base.lproj/Main.storyboard; sourceTree = "<group>"; };
		B5EA6D5528FD9AFA00B8A3BD /* Assets.xcassets */ = {isa = PBXFileReference; lastKnownFileType = folder.assetcatalog; path = Assets.xcassets; sourceTree = "<group>"; };
		B5EA6D5828FD9AFA00B8A3BD /* Base */ = {isa = PBXFileReference; lastKnownFileType = file.storyboard; name = Base; path = Base.lproj/LaunchScreen.storyboard; sourceTree = "<group>"; };
		B5EA6D5A28FD9AFA00B8A3BD /* Info.plist */ = {isa = PBXFileReference; lastKnownFileType = text.plist.xml; path = Info.plist; sourceTree = "<group>"; };
		B5EA6D6028FD9B8500B8A3BD /* SecondViewController.swift */ = {isa = PBXFileReference; lastKnownFileType = sourcecode.swift; path = SecondViewController.swift; sourceTree = "<group>"; };
		B5EA6D6228FD9B9A00B8A3BD /* ThirdViewController.swift */ = {isa = PBXFileReference; lastKnownFileType = sourcecode.swift; path = ThirdViewController.swift; sourceTree = "<group>"; };
		B5EA6D6628FE682100B8A3BD /* Car.swift */ = {isa = PBXFileReference; lastKnownFileType = sourcecode.swift; path = Car.swift; sourceTree = "<group>"; };
		B5EA6D6828FE685800B8A3BD /* MycellTableViewCell.swift */ = {isa = PBXFileReference; lastKnownFileType = sourcecode.swift; path = MycellTableViewCell.swift; sourceTree = "<group>"; };
/* End PBXFileReference section */

/* Begin PBXFrameworksBuildPhase section */
		B5EA6D4628FD9AF900B8A3BD /* Frameworks */ = {
			isa = PBXFrameworksBuildPhase;
			buildActionMask = 2147483647;
			files = (
			);
			runOnlyForDeploymentPostprocessing = 0;
		};
/* End PBXFrameworksBuildPhase section */

/* Begin PBXGroup section */
		B5EA6D4028FD9AF900B8A3BD = {
			isa = PBXGroup;
			children = (
				B5EA6D4B28FD9AF900B8A3BD /* aayu_custometableview(wdb) */,
				B5EA6D4A28FD9AF900B8A3BD /* Products */,
			);
			sourceTree = "<group>";
		};
		B5EA6D4A28FD9AF900B8A3BD /* Products */ = {
			isa = PBXGroup;
			children = (
				B5EA6D4928FD9AF900B8A3BD /* aayu_custometableview(wdb).app */,
			);
			name = Products;
			sourceTree = "<group>";
		};
		B5EA6D4B28FD9AF900B8A3BD /* aayu_custometableview(wdb) */ = {
			isa = PBXGroup;
			children = (
				B5EA6D4C28FD9AF900B8A3BD /* AppDelegate.swift */,
				B5EA6D4E28FD9AF900B8A3BD /* SceneDelegate.swift */,
				B5EA6D6628FE682100B8A3BD /* Car.swift */,
				B5EA6D6828FE685800B8A3BD /* MycellTableViewCell.swift */,
				B5EA6D5228FD9AF900B8A3BD /* Main.storyboard */,
				B5EA6D5028FD9AF900B8A3BD /* ViewController.swift */,
				B5EA6D6028FD9B8500B8A3BD /* SecondViewController.swift */,
				B5EA6D6228FD9B9A00B8A3BD /* ThirdViewController.swift */,
				B5EA6D5528FD9AFA00B8A3BD /* Assets.xcassets */,
				B5EA6D5728FD9AFA00B8A3BD /* LaunchScreen.storyboard */,
				B5EA6D5A28FD9AFA00B8A3BD /* Info.plist */,
			);
			path = "aayu_custometableview(wdb)";
			sourceTree = "<group>";
		};
/* End PBXGroup section */

/* Begin PBXNativeTarget section */
		B5EA6D4828FD9AF900B8A3BD /* aayu_custometableview(wdb) */ = {
			isa = PBXNativeTarget;
			buildConfigurationList = B5EA6D5D28FD9AFA00B8A3BD /* Build configuration list for PBXNativeTarget "aayu_custometableview(wdb)" */;
			buildPhases = (
				B5EA6D4528FD9AF900B8A3BD /* Sources */,
				B5EA6D4628FD9AF900B8A3BD /* Frameworks */,
				B5EA6D4728FD9AF900B8A3BD /* Resources */,
			);
			buildRules = (
			);
			dependencies = (
			);
			name = "aayu_custometableview(wdb)";
			productName = "aayu_custometableview(wdb)";
			productReference = B5EA6D4928FD9AF900B8A3BD /* aayu_custometableview(wdb).app */;
			productType = "com.apple.product-type.application";
		};
/* End PBXNativeTarget section */

/* Begin PBXProject section */
		B5EA6D4128FD9AF900B8A3BD /* Project object */ = {
			isa = PBXProject;
			attributes = {
				BuildIndependentTargetsInParallel = 1;
				LastSwiftUpdateCheck = 1340;
				LastUpgradeCheck = 1340;
				TargetAttributes = {
					B5EA6D4828FD9AF900B8A3BD = {
						CreatedOnToolsVersion = 13.4.1;
					};
				};
			};
			buildConfigurationList = B5EA6D4428FD9AF900B8A3BD /* Build configuration list for PBXProject "aayu_custometableview(wdb)" */;
			compatibilityVersion = "Xcode 13.0";
			developmentRegion = en;
			hasScannedForEncodings = 0;
			knownRegions = (
				en,
				Base,
			);
			mainGroup = B5EA6D4028FD9AF900B8A3BD;
			productRefGroup = B5EA6D4A28FD9AF900B8A3BD /* Products */;
			projectDirPath = "";
			projectRoot = "";
			targets = (
				B5EA6D4828FD9AF900B8A3BD /* aayu_custometableview(wdb) */,
			);
		};
/* End PBXProject section */

/* Begin PBXResourcesBuildPhase section */
		B5EA6D4728FD9AF900B8A3BD /* Resources */ = {
			isa = PBXResourcesBuildPhase;
			buildActionMask = 2147483647;
			files = (
				B5EA6D5928FD9AFA00B8A3BD /* LaunchScreen.storyboard in Resources */,
				B5EA6D5628FD9AFA00B8A3BD /* Assets.xcassets in Resources */,
				B5EA6D5428FD9AF900B8A3BD /* Main.storyboard in Resources */,
			);
			runOnlyForDeploymentPostprocessing = 0;
		};
/* End PBXResourcesBuildPhase section */

/* Begin PBXSourcesBuildPhase section */
		B5EA6D4528FD9AF900B8A3BD /* Sources */ = {
			isa = PBXSourcesBuildPhase;
			buildActionMask = 2147483647;
			files = (
				B5EA6D6128FD9B8500B8A3BD /* SecondViewController.swift in Sources */,
				B5EA6D5128FD9AF900B8A3BD /* ViewController.swift in Sources */,
				B5EA6D6728FE682100B8A3BD /* Car.swift in Sources */,
				B5EA6D6328FD9B9A00B8A3BD /* ThirdViewController.swift in Sources */,
				B5EA6D4D28FD9AF900B8A3BD /* AppDelegate.swift in Sources */,
				B5EA6D4F28FD9AF900B8A3BD /* SceneDelegate.swift in Sources */,
				B5EA6D6928FE685800B8A3BD /* MycellTableViewCell.swift in Sources */,
			);
			runOnlyForDeploymentPostprocessing = 0;
		};
/* End PBXSourcesBuildPhase section */

/* Begin PBXVariantGroup section */
		B5EA6D5228FD9AF900B8A3BD /* Main.storyboard */ = {
			isa = PBXVariantGroup;
			children = (
				B5EA6D5328FD9AF900B8A3BD /* Base */,
			);
			name = Main.storyboard;
			sourceTree = "<group>";
		};
		B5EA6D5728FD9AFA00B8A3BD /* LaunchScreen.storyboard */ = {
			isa = PBXVariantGroup;
			children = (
				B5EA6D5828FD9AFA00B8A3BD /* Base */,
			);
			name = LaunchScreen.storyboard;
			sourceTree = "<group>";
		};
/* End PBXVariantGroup section */

/* Begin XCBuildConfiguration section */
		B5EA6D5B28FD9AFA00B8A3BD /* Debug */ = {
			isa = XCBuildConfiguration;
			buildSettings = {
				ALWAYS_SEARCH_USER_PATHS = NO;
				CLANG_ANALYZER_NONNULL = YES;
				CLANG_ANALYZER_NUMBER_OBJECT_CONVERSION = YES_AGGRESSIVE;
				CLANG_CXX_LANGUAGE_STANDARD = "gnu++17";
				CLANG_ENABLE_MODULES = YES;
				CLANG_ENABLE_OBJC_ARC = YES;
				CLANG_ENABLE_OBJC_WEAK = YES;
				CLANG_WARN_BLOCK_CAPTURE_AUTORELEASING = YES;
				CLANG_WARN_BOOL_CONVERSION = YES;
				CLANG_WARN_COMMA = YES;
				CLANG_WARN_CONSTANT_CONVERSION = YES;
				CLANG_WARN_DEPRECATED_OBJC_IMPLEMENTATIONS = YES;
				CLANG_WARN_DIRECT_OBJC_ISA_USAGE = YES_ERROR;
				CLANG_WARN_DOCUMENTATION_COMMENTS = YES;
				CLANG_WARN_EMPTY_BODY = YES;
				CLANG_WARN_ENUM_CONVERSION = YES;
				CLANG_WARN_INFINITE_RECURSION = YES;
				CLANG_WARN_INT_CONVERSION = YES;
				CLANG_WARN_NON_LITERAL_NULL_CONVERSION = YES;
				CLANG_WARN_OBJC_IMPLICIT_RETAIN_SELF = YES;
				CLANG_WARN_OBJC_LITERAL_CONVERSION = YES;
				CLANG_WARN_OBJC_ROOT_CLASS = YES_ERROR;
				CLANG_WARN_QUOTED_INCLUDE_IN_FRAMEWORK_HEADER = YES;
				CLANG_WARN_RANGE_LOOP_ANALYSIS = YES;
				CLANG_WARN_STRICT_PROTOTYPES = YES;
				CLANG_WARN_SUSPICIOUS_MOVE = YES;
				CLANG_WARN_UNGUARDED_AVAILABILITY = YES_AGGRESSIVE;
				CLANG_WARN_UNREACHABLE_CODE = YES;
				CLANG_WARN__DUPLICATE_METHOD_MATCH = YES;
				COPY_PHASE_STRIP = NO;
				DEBUG_INFORMATION_FORMAT = dwarf;
				ENABLE_STRICT_OBJC_MSGSEND = YES;
				ENABLE_TESTABILITY = YES;
				GCC_C_LANGUAGE_STANDARD = gnu11;
				GCC_DYNAMIC_NO_PIC = NO;
				GCC_NO_COMMON_BLOCKS = YES;
				GCC_OPTIMIZATION_LEVEL = 0;
				GCC_PREPROCESSOR_DEFINITIONS = (
					"DEBUG=1",
					"$(inherited)",
				);
				GCC_WARN_64_TO_32_BIT_CONVERSION = YES;
				GCC_WARN_ABOUT_RETURN_TYPE = YES_ERROR;
				GCC_WARN_UNDECLARED_SELECTOR = YES;
				GCC_WARN_UNINITIALIZED_AUTOS = YES_AGGRESSIVE;
				GCC_WARN_UNUSED_FUNCTION = YES;
				GCC_WARN_UNUSED_VARIABLE = YES;
				IPHONEOS_DEPLOYMENT_TARGET = 15.5;
				MTL_ENABLE_DEBUG_INFO = INCLUDE_SOURCE;
				MTL_FAST_MATH = YES;
				ONLY_ACTIVE_ARCH = YES;
				SDKROOT = iphoneos;
				SWIFT_ACTIVE_COMPILATION_CONDITIONS = DEBUG;
				SWIFT_OPTIMIZATION_LEVEL = "-Onone";
			};
			name = Debug;
		};
		B5EA6D5C28FD9AFA00B8A3BD /* Release */ = {
			isa = XCBuildConfiguration;
			buildSettings = {
				ALWAYS_SEARCH_USER_PATHS = NO;
				CLANG_ANALYZER_NONNULL = YES;
				CLANG_ANALYZER_NUMBER_OBJECT_CONVERSION = YES_AGGRESSIVE;
				CLANG_CXX_LANGUAGE_STANDARD = "gnu++17";
				CLANG_ENABLE_MODULES = YES;
				CLANG_ENABLE_OBJC_ARC = YES;
				CLANG_ENABLE_OBJC_WEAK = YES;
				CLANG_WARN_BLOCK_CAPTURE_AUTORELEASING = YES;
				CLANG_WARN_BOOL_CONVERSION = YES;
				CLANG_WARN_COMMA = YES;
				CLANG_WARN_CONSTANT_CONVERSION = YES;
				CLANG_WARN_DEPRECATED_OBJC_IMPLEMENTATIONS = YES;
				CLANG_WARN_DIRECT_OBJC_ISA_USAGE = YES_ERROR;
				CLANG_WARN_DOCUMENTATION_COMMENTS = YES;
				CLANG_WARN_EMPTY_BODY = YES;
				CLANG_WARN_ENUM_CONVERSION = YES;
				CLANG_WARN_INFINITE_RECURSION = YES;
				CLANG_WARN_INT_CONVERSION = YES;
				CLANG_WARN_NON_LITERAL_NULL_CONVERSION = YES;
				CLANG_WARN_OBJC_IMPLICIT_RETAIN_SELF = YES;
				CLANG_WARN_OBJC_LITERAL_CONVERSION = YES;
				CLANG_WARN_OBJC_ROOT_CLASS = YES_ERROR;
				CLANG_WARN_QUOTED_INCLUDE_IN_FRAMEWORK_HEADER = YES;
				CLANG_WARN_RANGE_LOOP_ANALYSIS = YES;
				CLANG_WARN_STRICT_PROTOTYPES = YES;
				CLANG_WARN_SUSPICIOUS_MOVE = YES;
				CLANG_WARN_UNGUARDED_AVAILABILITY = YES_AGGRESSIVE;
				CLANG_WARN_UNREACHABLE_CODE = YES;
				CLANG_WARN__DUPLICATE_METHOD_MATCH = YES;
				COPY_PHASE_STRIP = NO;
				DEBUG_INFORMATION_FORMAT = "dwarf-with-dsym";
				ENABLE_NS_ASSERTIONS = NO;
				ENABLE_STRICT_OBJC_MSGSEND = YES;
				GCC_C_LANGUAGE_STANDARD = gnu11;
				GCC_NO_COMMON_BLOCKS = YES;
				GCC_WARN_64_TO_32_BIT_CONVERSION = YES;
				GCC_WARN_ABOUT_RETURN_TYPE = YES_ERROR;
				GCC_WARN_UNDECLARED_SELECTOR = YES;
				GCC_WARN_UNINITIALIZED_AUTOS = YES_AGGRESSIVE;
				GCC_WARN_UNUSED_FUNCTION = YES;
				GCC_WARN_UNUSED_VARIABLE = YES;
				IPHONEOS_DEPLOYMENT_TARGET = 15.5;
				MTL_ENABLE_DEBUG_INFO = NO;
				MTL_FAST_MATH = YES;
				SDKROOT = iphoneos;
				SWIFT_COMPILATION_MODE = wholemodule;
				SWIFT_OPTIMIZATION_LEVEL = "-O";
				VALIDATE_PRODUCT = YES;
			};
			name = Release;
		};
		B5EA6D5E28FD9AFA00B8A3BD /* Debug */ = {
			isa = XCBuildConfiguration;
			buildSettings = {
				ASSETCATALOG_COMPILER_APPICON_NAME = AppIcon;
				ASSETCATALOG_COMPILER_GLOBAL_ACCENT_COLOR_NAME = AccentColor;
				CODE_SIGN_STYLE = Automatic;
				CURRENT_PROJECT_VERSION = 1;
				DEVELOPMENT_TEAM = 9PW6W7ZHS4;
				GENERATE_INFOPLIST_FILE = YES;
				INFOPLIST_FILE = "aayu_custometableview(wdb)/Info.plist";
				INFOPLIST_KEY_UIApplicationSupportsIndirectInputEvents = YES;
				INFOPLIST_KEY_UILaunchStoryboardName = LaunchScreen;
				INFOPLIST_KEY_UIMainStoryboardFile = Main;
				INFOPLIST_KEY_UISupportedInterfaceOrientations_iPad = "UIInterfaceOrientationPortrait UIInterfaceOrientationPortraitUpsideDown UIInterfaceOrientationLandscapeLeft UIInterfaceOrientationLandscapeRight";
				INFOPLIST_KEY_UISupportedInterfaceOrientations_iPhone = "UIInterfaceOrientationPortrait UIInterfaceOrientationLandscapeLeft UIInterfaceOrientationLandscapeRight";
				LD_RUNPATH_SEARCH_PATHS = (
					"$(inherited)",
					"@executable_path/Frameworks",
				);
				MARKETING_VERSION = 1.0;
				PRODUCT_BUNDLE_IDENTIFIER = "a.aayu-custometableview-wdb-";
				PRODUCT_NAME = "$(TARGET_NAME)";
				SWIFT_EMIT_LOC_STRINGS = YES;
				SWIFT_VERSION = 5.0;
				TARGETED_DEVICE_FAMILY = "1,2";
			};
			name = Debug;
		};
		B5EA6D5F28FD9AFA00B8A3BD /* Release */ = {
			isa = XCBuildConfiguration;
			buildSettings = {
				ASSETCATALOG_COMPILER_APPICON_NAME = AppIcon;
				ASSETCATALOG_COMPILER_GLOBAL_ACCENT_COLOR_NAME = AccentColor;
				CODE_SIGN_STYLE = Automatic;
				CURRENT_PROJECT_VERSION = 1;
				DEVELOPMENT_TEAM = 9PW6W7ZHS4;
				GENERATE_INFOPLIST_FILE = YES;
				INFOPLIST_FILE = "aayu_custometableview(wdb)/Info.plist";
				INFOPLIST_KEY_UIApplicationSupportsIndirectInputEvents = YES;
				INFOPLIST_KEY_UILaunchStoryboardName = LaunchScreen;
				INFOPLIST_KEY_UIMainStoryboardFile = Main;
				INFOPLIST_KEY_UISupportedInterfaceOrientations_iPad = "UIInterfaceOrientationPortrait UIInterfaceOrientationPortraitUpsideDown UIInterfaceOrientationLandscapeLeft UIInterfaceOrientationLandscapeRight";
				INFOPLIST_KEY_UISupportedInterfaceOrientations_iPhone = "UIInterfaceOrientationPortrait UIInterfaceOrientationLandscapeLeft UIInterfaceOrientationLandscapeRight";
				LD_RUNPATH_SEARCH_PATHS = (
					"$(inherited)",
					"@executable_path/Frameworks",
				);
				MARKETING_VERSION = 1.0;
				PRODUCT_BUNDLE_IDENTIFIER = "a.aayu-custometableview-wdb-";
				PRODUCT_NAME = "$(TARGET_NAME)";
				SWIFT_EMIT_LOC_STRINGS = YES;
				SWIFT_VERSION = 5.0;
				TARGETED_DEVICE_FAMILY = "1,2";
			};
			name = Release;
		};
/* End XCBuildConfiguration section */

/* Begin XCConfigurationList section */
		B5EA6D4428FD9AF900B8A3BD /* Build configuration list for PBXProject "aayu_custometableview(wdb)" */ = {
			isa = XCConfigurationList;
			buildConfigurations = (
				B5EA6D5B28FD9AFA00B8A3BD /* Debug */,
				B5EA6D5C28FD9AFA00B8A3BD /* Release */,
			);
			defaultConfigurationIsVisible = 0;
			defaultConfigurationName = Release;
		};
		B5EA6D5D28FD9AFA00B8A3BD /* Build configuration list for PBXNativeTarget "aayu_custometableview(wdb)" */ = {
			isa = XCConfigurationList;
			buildConfigurations = (
				B5EA6D5E28FD9AFA00B8A3BD /* Debug */,
				B5EA6D5F28FD9AFA00B8A3BD /* Release */,
			);
			defaultConfigurationIsVisible = 0;
			defaultConfigurationName = Release;
		};
/* End XCConfigurationList section */
	};
	rootObject = B5EA6D4128FD9AF900B8A3BD /* Project object */;
}
